Microsoft Visual Studio Solution File, Format Version 12.00
# Visual Studio Version 17
VisualStudioVersion = 17.5.2.0
MinimumVisualStudioVersion = 10.0.40219.1
Project("{FAE04EC0-301F-11D3-BF4B-00C04F79EFBC}") = "hengelershof_backend", "hengelershof_backend.csproj", "{F594EC0C-A12D-9868-4B2D-6F45B07B27F4}"
EndProject
Global
	GlobalSection(SolutionConfigurationPlatforms) = preSolution
		Debug|Any CPU = Debug|Any CPU
		Release|Any CPU = Release|Any CPU
	EndGlobalSection
	GlobalSection(ProjectConfigurationPlatforms) = postSolution
		{F594EC0C-A12D-9868-4B2D-6F45B07B27F4}.Debug|Any CPU.ActiveCfg = Debug|Any CPU
		{F594EC0C-A12D-9868-4B2D-6F45B07B27F4}.Debug|Any CPU.Build.0 = Debug|Any CPU
		{F594EC0C-A12D-9868-4B2D-6F45B07B27F4}.Release|Any CPU.ActiveCfg = Release|Any CPU
		{F594EC0C-A12D-9868-4B2D-6F45B07B27F4}.Release|Any CPU.Build.0 = Release|Any CPU
	EndGlobalSection
	GlobalSection(SolutionProperties) = preSolution
		HideSolutionNode = FALSE
	EndGlobalSection
	GlobalSection(ExtensibilityGlobals) = postSolution
		SolutionGuid = {6263311B-F640-46FF-B289-5B4633144899}
	EndGlobalSection
EndGlobal
